// !$*UTF8*$!
{
	archiveVersion = 1;
	classes = {
	};
	objectVersion = 46;
	objects = {

/* Begin PBXBuildFile section */
		39961A4C150F6E04001807AE /* fire.png in Resources */ = {isa = PBXBuildFile; fileRef = 39961A4B150F6E04001807AE /* fire.png */; };
		39C2ABB4150F652300C2D2A8 /* UIKit.framework in Frameworks */ = {isa = PBXBuildFile; fileRef = 39C2ABB3150F652300C2D2A8 /* UIKit.framework */; };
		39C2ABB6150F652300C2D2A8 /* Foundation.framework in Frameworks */ = {isa = PBXBuildFile; fileRef = 39C2ABB5150F652300C2D2A8 /* Foundation.framework */; };
		39C2ABB8150F652300C2D2A8 /* CoreGraphics.framework in Frameworks */ = {isa = PBXBuildFile; fileRef = 39C2ABB7150F652300C2D2A8 /* CoreGraphics.framework */; };
		39C2ABBE150F652300C2D2A8 /* InfoPlist.strings in Resources */ = {isa = PBXBuildFile; fileRef = 39C2ABBC150F652300C2D2A8 /* InfoPlist.strings */; };
		39C2ABC0150F652300C2D2A8 /* main.m in Sources */ = {isa = PBXBuildFile; fileRef = 39C2ABBF150F652300C2D2A8 /* main.m */; };
		39C2ABC4150F652300C2D2A8 /* AppDelegate.m in Sources */ = {isa = PBXBuildFile; fileRef = 39C2ABC3150F652300C2D2A8 /* AppDelegate.m */; };
		39C2ABC7150F652300C2D2A8 /* ViewController.m in Sources */ = {isa = PBXBuildFile; fileRef = 39C2ABC6150F652300C2D2A8 /* ViewController.m */; };
		39C2ABCA150F652300C2D2A8 /* ViewController.xib in Resources */ = {isa = PBXBuildFile; fileRef = 39C2ABC8150F652300C2D2A8 /* ViewController.xib */; };
		39C2ABD2150F656D00C2D2A8 /* TheSparky.m in Sources */ = {isa = PBXBuildFile; fileRef = 39C2ABD1150F656D00C2D2A8 /* TheSparky.m */; };
		39C2ABD4150F65AE00C2D2A8 /* QuartzCore.framework in Frameworks */ = {isa = PBXBuildFile; fileRef = 39C2ABD3150F65AE00C2D2A8 /* QuartzCore.framework */; };
		39C2ABD6150F67E200C2D2A8 /* computerFire.png in Resources */ = {isa = PBXBuildFile; fileRef = 39C2ABD5150F67E200C2D2A8 /* computerFire.png */; };
		39C2ABD8150F6ADE00C2D2A8 /* med-fire.gif in Resources */ = {isa = PBXBuildFile; fileRef = 39C2ABD7150F6ADE00C2D2A8 /* med-fire.gif */; };
/* End PBXBuildFile section */

/* Begin PBXFileReference section */
		39961A4B150F6E04001807AE /* fire.png */ = {isa = PBXFileReference; lastKnownFileType = image.png; path = fire.png; sourceTree = "<group>"; };
		39C2ABAF150F652300C2D2A8 /* caemit.app */ = {isa = PBXFileReference; explicitFileType = wrapper.application; includeInIndex = 0; path = caemit.app; sourceTree = BUILT_PRODUCTS_DIR; };
		39C2ABB3150F652300C2D2A8 /* UIKit.framework */ = {isa = PBXFileReference; lastKnownFileType = wrapper.framework; name = UIKit.framework; path = System/Library/Frameworks/UIKit.framework; sourceTree = SDKROOT; };
		39C2ABB5150F652300C2D2A8 /* Foundation.framework */ = {isa = PBXFileReference; lastKnownFileType = wrapper.framework; name = Foundation.framework; path = System/Library/Frameworks/Foundation.framework; sourceTree = SDKROOT; };
		39C2ABB7150F652300C2D2A8 /* CoreGraphics.framework */ = {isa = PBXFileReference; lastKnownFileType = wrapper.framework; name = CoreGraphics.framework; path = System/Library/Frameworks/CoreGraphics.framework; sourceTree = SDKROOT; };
		39C2ABBB150F652300C2D2A8 /* caemit-Info.plist */ = {isa = PBXFileReference; lastKnownFileType = text.plist.xml; path = "caemit-Info.plist"; sourceTree = "<group>"; };
		39C2ABBD150F652300C2D2A8 /* en */ = {isa = PBXFileReference; lastKnownFileType = text.plist.strings; name = en; path = en.lproj/InfoPlist.strings; sourceTree = "<group>"; };
		39C2ABBF150F652300C2D2A8 /* main.m */ = {isa = PBXFileReference; lastKnownFileType = sourcecode.c.objc; path = main.m; sourceTree = "<group>"; };
		39C2ABC1150F652300C2D2A8 /* caemit-Prefix.pch */ = {isa = PBXFileReference; lastKnownFileType = sourcecode.c.h; path = "caemit-Prefix.pch"; sourceTree = "<group>"; };
		39C2ABC2150F652300C2D2A8 /* AppDelegate.h */ = {isa = PBXFileReference; lastKnownFileType = sourcecode.c.h; path = AppDelegate.h; sourceTree = "<group>"; };
		39C2ABC3150F652300C2D2A8 /* AppDelegate.m */ = {isa = PBXFileReference; lastKnownFileType = sourcecode.c.objc; path = AppDelegate.m; sourceTree = "<group>"; };
		39C2ABC5150F652300C2D2A8 /* ViewController.h */ = {isa = PBXFileReference; lastKnownFileType = sourcecode.c.h; path = ViewController.h; sourceTree = "<group>"; };
		39C2ABC6150F652300C2D2A8 /* ViewController.m */ = {isa = PBXFileReference; lastKnownFileType = sourcecode.c.objc; path = ViewController.m; sourceTree = "<group>"; };
		39C2ABC9150F652300C2D2A8 /* en */ = {isa = PBXFileReference; lastKnownFileType = file.xib; name = en; path = en.lproj/ViewController.xib; sourceTree = "<group>"; };
		39C2ABD0150F656D00C2D2A8 /* TheSparky.h */ = {isa = PBXFileReference; fileEncoding = 4; lastKnownFileType = sourcecode.c.h; path = TheSparky.h; sourceTree = "<group>"; };
		39C2ABD1150F656D00C2D2A8 /* TheSparky.m */ = {isa = PBXFileReference; fileEncoding = 4; lastKnownFileType = sourcecode.c.objc; path = TheSparky.m; sourceTree = "<group>"; };
		39C2ABD3150F65AE00C2D2A8 /* QuartzCore.framework */ = {isa = PBXFileReference; lastKnownFileType = wrapper.framework; name = QuartzCore.framework; path = System/Library/Frameworks/QuartzCore.framework; sourceTree = SDKROOT; };
		39C2ABD5150F67E200C2D2A8 /* computerFire.png */ = {isa = PBXFileReference; lastKnownFileType = image.png; path = computerFire.png; sourceTree = "<group>"; };
		39C2ABD7150F6ADE00C2D2A8 /* med-fire.gif */ = {isa = PBXFileReference; lastKnownFileType = image.gif; path = "med-fire.gif"; sourceTree = "<group>"; };
/* End PBXFileReference section */

/* Begin PBXFrameworksBuildPhase section */
		39C2ABAC150F652300C2D2A8 /* Frameworks */ = {
			isa = PBXFrameworksBuildPhase;
			buildActionMask = 2147483647;
			files = (
				39C2ABD4150F65AE00C2D2A8 /* QuartzCore.framework in Frameworks */,
				39C2ABB4150F652300C2D2A8 /* UIKit.framework in Frameworks */,
				39C2ABB6150F652300C2D2A8 /* Foundation.framework in Frameworks */,
				39C2ABB8150F652300C2D2A8 /* CoreGraphics.framework in Frameworks */,
			);
			runOnlyForDeploymentPostprocessing = 0;
		};
/* End PBXFrameworksBuildPhase section */

/* Begin PBXGroup section */
		39C2ABA4150F652200C2D2A8 = {
			isa = PBXGroup;
			children = (
				39C2ABB9150F652300C2D2A8 /* caemit */,
				39C2ABB2150F652300C2D2A8 /* Frameworks */,
				39C2ABB0150F652300C2D2A8 /* Products */,
			);
			sourceTree = "<group>";
		};
		39C2ABB0150F652300C2D2A8 /* Products */ = {
			isa = PBXGroup;
			children = (
				39C2ABAF150F652300C2D2A8 /* caemit.app */,
			);
			name = Products;
			sourceTree = "<group>";
		};
		39C2ABB2150F652300C2D2A8 /* Frameworks */ = {
			isa = PBXGroup;
			children = (
				39C2ABD3150F65AE00C2D2A8 /* QuartzCore.framework */,
				39C2ABB3150F652300C2D2A8 /* UIKit.framework */,
				39C2ABB5150F652300C2D2A8 /* Foundation.framework */,
				39C2ABB7150F652300C2D2A8 /* CoreGraphics.framework */,
			);
			name = Frameworks;
			sourceTree = "<group>";
		};
		39C2ABB9150F652300C2D2A8 /* caemit */ = {
			isa = PBXGroup;
			children = (
				39C2ABC2150F652300C2D2A8 /* AppDelegate.h */,
				39C2ABC3150F652300C2D2A8 /* AppDelegate.m */,
				39C2ABC5150F652300C2D2A8 /* ViewController.h */,
				39C2ABC6150F652300C2D2A8 /* ViewController.m */,
				39C2ABD0150F656D00C2D2A8 /* TheSparky.h */,
				39C2ABD1150F656D00C2D2A8 /* TheSparky.m */,
				39C2ABC8150F652300C2D2A8 /* ViewController.xib */,
				39C2ABBA150F652300C2D2A8 /* Supporting Files */,
			);
			path = caemit;
			sourceTree = "<group>";
		};
		39C2ABBA150F652300C2D2A8 /* Supporting Files */ = {
			isa = PBXGroup;
			children = (
				39C2ABD7150F6ADE00C2D2A8 /* med-fire.gif */,
				39961A4B150F6E04001807AE /* fire.png */,
				39C2ABD5150F67E200C2D2A8 /* computerFire.png */,
				39C2ABBB150F652300C2D2A8 /* caemit-Info.plist */,
				39C2ABBC150F652300C2D2A8 /* InfoPlist.strings */,
				39C2ABBF150F652300C2D2A8 /* main.m */,
				39C2ABC1150F652300C2D2A8 /* caemit-Prefix.pch */,
			);
			name = "Supporting Files";
			sourceTree = "<group>";
		};
/* End PBXGroup section */

/* Begin PBXNativeTarget section */
		39C2ABAE150F652300C2D2A8 /* caemit */ = {
			isa = PBXNativeTarget;
			buildConfigurationList = 39C2ABCD150F652300C2D2A8 /* Build configuration list for PBXNativeTarget "caemit" */;
			buildPhases = (
				39C2ABAB150F652300C2D2A8 /* Sources */,
				39C2ABAC150F652300C2D2A8 /* Frameworks */,
				39C2ABAD150F652300C2D2A8 /* Resources */,
			);
			buildRules = (
			);
			dependencies = (
			);
			name = caemit;
			productName = caemit;
			productReference = 39C2ABAF150F652300C2D2A8 /* caemit.app */;
			productType = "com.apple.product-type.application";
		};
/* End PBXNativeTarget section */

/* Begin PBXProject section */
		39C2ABA6150F652200C2D2A8 /* Project object */ = {
			isa = PBXProject;
			attributes = {
				LastUpgradeCheck = 0420;
			};
			buildConfigurationList = 39C2ABA9150F652200C2D2A8 /* Build configuration list for PBXProject "caemit" */;
			compatibilityVersion = "Xcode 3.2";
			developmentRegion = English;
			hasScannedForEncodings = 0;
			knownRegions = (
				en,
			);
			mainGroup = 39C2ABA4150F652200C2D2A8;
			productRefGroup = 39C2ABB0150F652300C2D2A8 /* Products */;
			projectDirPath = "";
			projectRoot = "";
			targets = (
				39C2ABAE150F652300C2D2A8 /* caemit */,
			);
		};
/* End PBXProject section */

/* Begin PBXResourcesBuildPhase section */
		39C2ABAD150F652300C2D2A8 /* Resources */ = {
			isa = PBXResourcesBuildPhase;
			buildActionMask = 2147483647;
			files = (
				39C2ABBE150F652300C2D2A8 /* InfoPlist.strings in Resources */,
				39C2ABCA150F652300C2D2A8 /* ViewController.xib in Resources */,
				39C2ABD6150F67E200C2D2A8 /* computerFire.png in Resources */,
				39C2ABD8150F6ADE00C2D2A8 /* med-fire.gif in Resources */,
				39961A4C150F6E04001807AE /* fire.png in Resources */,
			);
			runOnlyForDeploymentPostprocessing = 0;
		};
/* End PBXResourcesBuildPhase section */

/* Begin PBXSourcesBuildPhase section */
		39C2ABAB150F652300C2D2A8 /* Sources */ = {
			isa = PBXSourcesBuildPhase;
			buildActionMask = 2147483647;
			files = (
				39C2ABC0150F652300C2D2A8 /* main.m in Sources */,
				39C2ABC4150F652300C2D2A8 /* AppDelegate.m in Sources */,
				39C2ABC7150F652300C2D2A8 /* ViewController.m in Sources */,
				39C2ABD2150F656D00C2D2A8 /* TheSparky.m in Sources */,
			);
			runOnlyForDeploymentPostprocessing = 0;
		};
/* End PBXSourcesBuildPhase section */

/* Begin PBXVariantGroup section */
		39C2ABBC150F652300C2D2A8 /* InfoPlist.strings */ = {
			isa = PBXVariantGroup;
			children = (
				39C2ABBD150F652300C2D2A8 /* en */,
			);
			name = InfoPlist.strings;
			sourceTree = "<group>";
		};
		39C2ABC8150F652300C2D2A8 /* ViewController.xib */ = {
			isa = PBXVariantGroup;
			children = (
				39C2ABC9150F652300C2D2A8 /* en */,
			);
			name = ViewController.xib;
			sourceTree = "<group>";
		};
/* End PBXVariantGroup section */

/* Begin XCBuildConfiguration section */
		39C2ABCB150F652300C2D2A8 /* Debug */ = {
			isa = XCBuildConfiguration;
			buildSettings = {
				ALWAYS_SEARCH_USER_PATHS = NO;
				ARCHS = "$(ARCHS_STANDARD_32_BIT)";
				CLANG_ENABLE_OBJC_ARC = YES;
				"CODE_SIGN_IDENTITY[sdk=iphoneos*]" = "iPhone Developer";
				COPY_PHASE_STRIP = NO;
				GCC_C_LANGUAGE_STANDARD = gnu99;
				GCC_DYNAMIC_NO_PIC = NO;
				GCC_OPTIMIZATION_LEVEL = 0;
				GCC_PREPROCESSOR_DEFINITIONS = (
					"DEBUG=1",
					"$(inherited)",
				);
				GCC_SYMBOLS_PRIVATE_EXTERN = NO;
				GCC_VERSION = com.apple.compilers.llvm.clang.1_0;
				GCC_WARN_ABOUT_MISSING_PROTOTYPES = YES;
				GCC_WARN_ABOUT_RETURN_TYPE = YES;
				GCC_WARN_UNUSED_VARIABLE = YES;
				IPHONEOS_DEPLOYMENT_TARGET = 5.0;
				SDKROOT = iphoneos;
				TARGETED_DEVICE_FAMILY = 2;
			};
			name = Debug;
		};
		39C2ABCC150F652300C2D2A8 /* Release */ = {
			isa = XCBuildConfiguration;
			buildSettings = {
				ALWAYS_SEARCH_USER_PATHS = NO;
				ARCHS = "$(ARCHS_STANDARD_32_BIT)";
				CLANG_ENABLE_OBJC_ARC = YES;
				"CODE_SIGN_IDENTITY[sdk=iphoneos*]" = "iPhone Developer";
				COPY_PHASE_STRIP = YES;
				GCC_C_LANGUAGE_STANDARD = gnu99;
				GCC_VERSION = com.apple.compilers.llvm.clang.1_0;
				GCC_WARN_ABOUT_MISSING_PROTOTYPES = YES;
				GCC_WARN_ABOUT_RETURN_TYPE = YES;
				GCC_WARN_UNUSED_VARIABLE = YES;
				IPHONEOS_DEPLOYMENT_TARGET = 5.0;
				OTHER_CFLAGS = "-DNS_BLOCK_ASSERTIONS=1";
				SDKROOT = iphoneos;
				TARGETED_DEVICE_FAMILY = 2;
				VALIDATE_PRODUCT = YES;
			};
			name = Release;
		};
		39C2ABCE150F652300C2D2A8 /* Debug */ = {
			isa = XCBuildConfiguration;
			buildSettings = {
				GCC_PRECOMPILE_PREFIX_HEADER = YES;
				GCC_PREFIX_HEADER = "caemit/caemit-Prefix.pch";
				INFOPLIST_FILE = "caemit/caemit-Info.plist";
				PRODUCT_NAME = "$(TARGET_NAME)";
				WRAPPER_EXTENSION = app;
			};
			name = Debug;
		};
		39C2ABCF150F652300C2D2A8 /* Release */ = {
			isa = XCBuildConfiguration;
			buildSettings = {
				GCC_PRECOMPILE_PREFIX_HEADER = YES;
				GCC_PREFIX_HEADER = "caemit/caemit-Prefix.pch";
				INFOPLIST_FILE = "caemit/caemit-Info.plist";
				PRODUCT_NAME = "$(TARGET_NAME)";
				WRAPPER_EXTENSION = app;
			};
			name = Release;
		};
/* End XCBuildConfiguration section */

/* Begin XCConfigurationList section */
		39C2ABA9150F652200C2D2A8 /* Build configuration list for PBXProject "caemit" */ = {
			isa = XCConfigurationList;
			buildConfigurations = (
				39C2ABCB150F652300C2D2A8 /* Debug */,
				39C2ABCC150F652300C2D2A8 /* Release */,
			);
			defaultConfigurationIsVisible = 0;
			defaultConfigurationName = Release;
		};
		39C2ABCD150F652300C2D2A8 /* Build configuration list for PBXNativeTarget "caemit" */ = {
			isa = XCConfigurationList;
			buildConfigurations = (
				39C2ABCE150F652300C2D2A8 /* Debug */,
				39C2ABCF150F652300C2D2A8 /* Release */,
			);
			defaultConfigurationIsVisible = 0;
			defaultConfigurationName = Release;
		};
/* End XCConfigurationList section */
	};
	rootObject = 39C2ABA6150F652200C2D2A8 /* Project object */;
}
